
Microsoft Visual Studio Solution File, Format Version 12.00
# Visual Studio Version 17
VisualStudioVersion = 17.14.36127.28 d17.14
MinimumVisualStudioVersion = 10.0.40219.1
Project("{8BC9CEB8-8B4A-11D0-8D11-00A0C91BC942}") = "WW2_learning.cpp", "WW2_learning.cpp\WW2_learning.cpp.vcxproj", "{A6FA57DB-7AD6-438D-BE18-C1B71962038D}"
EndProject
Global
	GlobalSection(SolutionConfigurationPlatforms) = preSolution
		Debug|x64 = Debug|x64
		Debug|x86 = Debug|x86
		Release|x64 = Release|x64
		Release|x86 = Release|x86
	EndGlobalSection
	GlobalSection(ProjectConfigurationPlatforms) = postSolution
		{A6FA57DB-7AD6-438D-BE18-C1B71962038D}.Debug|x64.ActiveCfg = Debug|x64
		{A6FA57DB-7AD6-438D-BE18-C1B71962038D}.Debug|x64.Build.0 = Debug|x64
		{A6FA57DB-7AD6-438D-BE18-C1B71962038D}.Debug|x86.ActiveCfg = Debug|Win32
		{A6FA57DB-7AD6-438D-BE18-C1B71962038D}.Debug|x86.Build.0 = Debug|Win32
		{A6FA57DB-7AD6-438D-BE18-C1B71962038D}.Release|x64.ActiveCfg = Release|x64
		{A6FA57DB-7AD6-438D-BE18-C1B71962038D}.Release|x64.Build.0 = Release|x64
		{A6FA57DB-7AD6-438D-BE18-C1B71962038D}.Release|x86.ActiveCfg = Release|Win32
		{A6FA57DB-7AD6-438D-BE18-C1B71962038D}.Release|x86.Build.0 = Release|Win32
	EndGlobalSection
	GlobalSection(SolutionProperties) = preSolution
		HideSolutionNode = FALSE
	EndGlobalSection
	GlobalSection(ExtensibilityGlobals) = postSolution
		SolutionGuid = {433EED54-4AF5-4DD6-B48F-B1FCDC7E4970}
	EndGlobalSection
EndGlobal
